
Microsoft Visual Studio Solution File, Format Version 12.00
# Visual Studio Version 16
VisualStudioVersion = 16.0.30717.126
MinimumVisualStudioVersion = 10.0.40219.1
Project("{9A19103F-16F7-4668-BE54-9A1E7A4F7556}") = "AppEventos.Server", "AppEventos\Server\AppEventos.Server.csproj", "{35B15083-ED37-4061-8869-A5F2505171EE}"
EndProject
Project("{9A19103F-16F7-4668-BE54-9A1E7A4F7556}") = "AppEventos.Client", "AppEventos\Client\AppEventos.Client.csproj", "{B9093042-9055-461C-97F0-91E348AD6A59}"
EndProject
Project("{9A19103F-16F7-4668-BE54-9A1E7A4F7556}") = "AppEventos.Shared", "AppEventos\Shared\AppEventos.Shared.csproj", "{82CE4307-72D1-49F7-BBBE-3C9E4DCAE141}"
EndProject
Global
	GlobalSection(SolutionConfigurationPlatforms) = preSolution
		Debug|Any CPU = Debug|Any CPU
		Release|Any CPU = Release|Any CPU
	EndGlobalSection
	GlobalSection(ProjectConfigurationPlatforms) = postSolution
		{35B15083-ED37-4061-8869-A5F2505171EE}.Debug|Any CPU.ActiveCfg = Debug|Any CPU
		{35B15083-ED37-4061-8869-A5F2505171EE}.Debug|Any CPU.Build.0 = Debug|Any CPU
		{35B15083-ED37-4061-8869-A5F2505171EE}.Release|Any CPU.ActiveCfg = Release|Any CPU
		{35B15083-ED37-4061-8869-A5F2505171EE}.Release|Any CPU.Build.0 = Release|Any CPU
		{B9093042-9055-461C-97F0-91E348AD6A59}.Debug|Any CPU.ActiveCfg = Debug|Any CPU
		{B9093042-9055-461C-97F0-91E348AD6A59}.Debug|Any CPU.Build.0 = Debug|Any CPU
		{B9093042-9055-461C-97F0-91E348AD6A59}.Release|Any CPU.ActiveCfg = Release|Any CPU
		{B9093042-9055-461C-97F0-91E348AD6A59}.Release|Any CPU.Build.0 = Release|Any CPU
		{82CE4307-72D1-49F7-BBBE-3C9E4DCAE141}.Debug|Any CPU.ActiveCfg = Debug|Any CPU
		{82CE4307-72D1-49F7-BBBE-3C9E4DCAE141}.Debug|Any CPU.Build.0 = Debug|Any CPU
		{82CE4307-72D1-49F7-BBBE-3C9E4DCAE141}.Release|Any CPU.ActiveCfg = Release|Any CPU
		{82CE4307-72D1-49F7-BBBE-3C9E4DCAE141}.Release|Any CPU.Build.0 = Release|Any CPU
	EndGlobalSection
	GlobalSection(SolutionProperties) = preSolution
		HideSolutionNode = FALSE
	EndGlobalSection
	GlobalSection(ExtensibilityGlobals) = postSolution
		SolutionGuid = {0D2CE959-9FAB-4D49-B334-8EF61C55943A}
	EndGlobalSection
EndGlobal
